
Microsoft Visual Studio Solution File, Format Version 12.00
Project("{FAE04EC0-301F-11D3-BF4B-00C04F79EFBC}") = "WeatherApp.Backend.Api", "Api\WeatherApp.Backend.Api.csproj", "{E959F674-2CED-425F-8D2D-9C25E250CF22}"
EndProject
Project("{2150E333-8FDC-42A3-9474-1A3956D46DE8}") = "Weather.Module", "Weather.Module", "{7E172F5A-7726-45A4-BDD0-F8B762E7C4D9}"
EndProject
Project("{FAE04EC0-301F-11D3-BF4B-00C04F79EFBC}") = "Weather.Application", "Weather.Module\Weather.Application\Weather.Application.csproj", "{C8FE52E3-086D-41A1-8792-1AE144182FC6}"
EndProject
Project("{2150E333-8FDC-42A3-9474-1A3956D46DE8}") = "Common.Module", "Common.Module", "{95931C08-D4B9-4CFF-86A5-ABD3743B779D}"
EndProject
Project("{FAE04EC0-301F-11D3-BF4B-00C04F79EFBC}") = "Common.Infrastructure", "Common.Module\Common.Infrastructure\Common.Infrastructure.csproj", "{1197E202-5C7A-4202-8484-EDC2B92707D8}"
EndProject
Project("{2150E333-8FDC-42A3-9474-1A3956D46DE8}") = "Astronomy.Module", "Astronomy.Module", "{C11D8A68-809F-444C-83F2-315A3DACAE27}"
EndProject
Project("{2150E333-8FDC-42A3-9474-1A3956D46DE8}") = "Timezone.Module", "Timezone.Module", "{344CBA35-37BA-4F26-8613-F22DD29590A9}"
EndProject
Project("{FAE04EC0-301F-11D3-BF4B-00C04F79EFBC}") = "Timezone.Application", "Timezone.Module\Timezone.Application\Timezone.Application.csproj", "{2E5D4357-9CEA-4CF6-B30D-038E56BFF84E}"
EndProject
Project("{FAE04EC0-301F-11D3-BF4B-00C04F79EFBC}") = "Astronomy.Application", "Astronomy.Module\Astronomy.Application\Astronomy.Application.csproj", "{32095F6D-F03D-42AA-BFC6-C43AF93D7218}"
EndProject
Project("{2150E333-8FDC-42A3-9474-1A3956D46DE8}") = "Tests", "Tests", "{0B107981-147E-4E53-B2D2-42E22301A46B}"
EndProject
Project("{FAE04EC0-301F-11D3-BF4B-00C04F79EFBC}") = "Common.Test.Unit", "Tests\Common.Test.Unit\Common.Test.Unit.csproj", "{DDB82F59-17FE-4CAF-868F-8EC147872382}"
EndProject
Global
	GlobalSection(SolutionConfigurationPlatforms) = preSolution
		Debug|Any CPU = Debug|Any CPU
		Release|Any CPU = Release|Any CPU
	EndGlobalSection
	GlobalSection(ProjectConfigurationPlatforms) = postSolution
		{E959F674-2CED-425F-8D2D-9C25E250CF22}.Debug|Any CPU.ActiveCfg = Debug|Any CPU
		{E959F674-2CED-425F-8D2D-9C25E250CF22}.Debug|Any CPU.Build.0 = Debug|Any CPU
		{E959F674-2CED-425F-8D2D-9C25E250CF22}.Release|Any CPU.ActiveCfg = Release|Any CPU
		{E959F674-2CED-425F-8D2D-9C25E250CF22}.Release|Any CPU.Build.0 = Release|Any CPU
		{C8FE52E3-086D-41A1-8792-1AE144182FC6}.Debug|Any CPU.ActiveCfg = Debug|Any CPU
		{C8FE52E3-086D-41A1-8792-1AE144182FC6}.Debug|Any CPU.Build.0 = Debug|Any CPU
		{C8FE52E3-086D-41A1-8792-1AE144182FC6}.Release|Any CPU.ActiveCfg = Release|Any CPU
		{C8FE52E3-086D-41A1-8792-1AE144182FC6}.Release|Any CPU.Build.0 = Release|Any CPU
		{1197E202-5C7A-4202-8484-EDC2B92707D8}.Debug|Any CPU.ActiveCfg = Debug|Any CPU
		{1197E202-5C7A-4202-8484-EDC2B92707D8}.Debug|Any CPU.Build.0 = Debug|Any CPU
		{1197E202-5C7A-4202-8484-EDC2B92707D8}.Release|Any CPU.ActiveCfg = Release|Any CPU
		{1197E202-5C7A-4202-8484-EDC2B92707D8}.Release|Any CPU.Build.0 = Release|Any CPU
		{2E5D4357-9CEA-4CF6-B30D-038E56BFF84E}.Debug|Any CPU.ActiveCfg = Debug|Any CPU
		{2E5D4357-9CEA-4CF6-B30D-038E56BFF84E}.Debug|Any CPU.Build.0 = Debug|Any CPU
		{2E5D4357-9CEA-4CF6-B30D-038E56BFF84E}.Release|Any CPU.ActiveCfg = Release|Any CPU
		{2E5D4357-9CEA-4CF6-B30D-038E56BFF84E}.Release|Any CPU.Build.0 = Release|Any CPU
		{32095F6D-F03D-42AA-BFC6-C43AF93D7218}.Debug|Any CPU.ActiveCfg = Debug|Any CPU
		{32095F6D-F03D-42AA-BFC6-C43AF93D7218}.Debug|Any CPU.Build.0 = Debug|Any CPU
		{32095F6D-F03D-42AA-BFC6-C43AF93D7218}.Release|Any CPU.ActiveCfg = Release|Any CPU
		{32095F6D-F03D-42AA-BFC6-C43AF93D7218}.Release|Any CPU.Build.0 = Release|Any CPU
		{DDB82F59-17FE-4CAF-868F-8EC147872382}.Debug|Any CPU.ActiveCfg = Debug|Any CPU
		{DDB82F59-17FE-4CAF-868F-8EC147872382}.Debug|Any CPU.Build.0 = Debug|Any CPU
		{DDB82F59-17FE-4CAF-868F-8EC147872382}.Release|Any CPU.ActiveCfg = Release|Any CPU
		{DDB82F59-17FE-4CAF-868F-8EC147872382}.Release|Any CPU.Build.0 = Release|Any CPU
	EndGlobalSection
	GlobalSection(NestedProjects) = preSolution
		{C8FE52E3-086D-41A1-8792-1AE144182FC6} = {7E172F5A-7726-45A4-BDD0-F8B762E7C4D9}
		{1197E202-5C7A-4202-8484-EDC2B92707D8} = {95931C08-D4B9-4CFF-86A5-ABD3743B779D}
		{2E5D4357-9CEA-4CF6-B30D-038E56BFF84E} = {344CBA35-37BA-4F26-8613-F22DD29590A9}
		{32095F6D-F03D-42AA-BFC6-C43AF93D7218} = {C11D8A68-809F-444C-83F2-315A3DACAE27}
		{DDB82F59-17FE-4CAF-868F-8EC147872382} = {0B107981-147E-4E53-B2D2-42E22301A46B}
	EndGlobalSection
EndGlobal
